
Microsoft Visual Studio Solution File, Format Version 12.00
# Visual Studio Version 17
VisualStudioVersion = 17.6.33815.320
MinimumVisualStudioVersion = 10.0.40219.1
Project("{FAE04EC0-301F-11D3-BF4B-00C04F79EFBC}") = "pr5", "pr5\pr5.csproj", "{2DAFF38B-5CC2-4D4E-877B-F9B58D015FCC}"
EndProject
Global
	GlobalSection(SolutionConfigurationPlatforms) = preSolution
		Debug|Any CPU = Debug|Any CPU
		Release|Any CPU = Release|Any CPU
	EndGlobalSection
	GlobalSection(ProjectConfigurationPlatforms) = postSolution
		{2DAFF38B-5CC2-4D4E-877B-F9B58D015FCC}.Debug|Any CPU.ActiveCfg = Debug|Any CPU
		{2DAFF38B-5CC2-4D4E-877B-F9B58D015FCC}.Debug|Any CPU.Build.0 = Debug|Any CPU
		{2DAFF38B-5CC2-4D4E-877B-F9B58D015FCC}.Release|Any CPU.ActiveCfg = Release|Any CPU
		{2DAFF38B-5CC2-4D4E-877B-F9B58D015FCC}.Release|Any CPU.Build.0 = Release|Any CPU
	EndGlobalSection
	GlobalSection(SolutionProperties) = preSolution
		HideSolutionNode = FALSE
	EndGlobalSection
	GlobalSection(ExtensibilityGlobals) = postSolution
		SolutionGuid = {D821F78C-B9A8-45B6-B104-16859B4E7926}
	EndGlobalSection
EndGlobal
